
Microsoft Visual Studio Solution File, Format Version 12.00
# Visual Studio Version 16
VisualStudioVersion = 16.0.31424.327
MinimumVisualStudioVersion = 10.0.40219.1
Project("{FAE04EC0-301F-11D3-BF4B-00C04F79EFBC}") = "Examine and approve system", "Examine and approve system.csproj", "{19F26A2E-5515-4E0A-857D-33CA67C344B6}"
EndProject
Global
	GlobalSection(SolutionConfigurationPlatforms) = preSolution
		Debug|Any CPU = Debug|Any CPU
		Release|Any CPU = Release|Any CPU
	EndGlobalSection
	GlobalSection(ProjectConfigurationPlatforms) = postSolution
		{19F26A2E-5515-4E0A-857D-33CA67C344B6}.Debug|Any CPU.ActiveCfg = Debug|Any CPU
		{19F26A2E-5515-4E0A-857D-33CA67C344B6}.Debug|Any CPU.Build.0 = Debug|Any CPU
		{19F26A2E-5515-4E0A-857D-33CA67C344B6}.Release|Any CPU.ActiveCfg = Release|Any CPU
		{19F26A2E-5515-4E0A-857D-33CA67C344B6}.Release|Any CPU.Build.0 = Release|Any CPU
	EndGlobalSection
	GlobalSection(SolutionProperties) = preSolution
		HideSolutionNode = FALSE
	EndGlobalSection
	GlobalSection(ExtensibilityGlobals) = postSolution
		SolutionGuid = {32961361-C112-43B7-91D4-ADE5E7B19CAD}
	EndGlobalSection
EndGlobal
